# This file is autogenerated, do not edit; changes may be undone by the next 'dep ensure'.


[[projects]]
  name = "github.com/mjibson/esc"
  packages = [
    ".",
    "embed"
  ]
  revision = "58d9cde84f237ecdd89bd7f61c2de2853f4c5c6e"
  version = "v0.1.0"

[solve-meta]
  analyzer-name = "dep"
  analyzer-version = 1
  inputs-digest = "fe709b4ee6cb165fe1315454b95967c79e1968425fc50dbf2a4511e44a0c1f22"
  solver-name = "gps-cdcl"
  solver-version = 1
